
Microsoft Visual Studio Solution File, Format Version 12.00
# Visual Studio Version 16
VisualStudioVersion = 16.0.29424.173
MinimumVisualStudioVersion = 10.0.40219.1
Project("{FAE04EC0-301F-11D3-BF4B-00C04F79EFBC}") = "Calculator_01", "Calculator_01.csproj", "{0705DA80-3E87-4546-A47C-EFF480B046A4}"
EndProject
Global
	GlobalSection(SolutionConfigurationPlatforms) = preSolution
		Debug|Any CPU = Debug|Any CPU
		Release|Any CPU = Release|Any CPU
	EndGlobalSection
	GlobalSection(ProjectConfigurationPlatforms) = postSolution
		{0705DA80-3E87-4546-A47C-EFF480B046A4}.Debug|Any CPU.ActiveCfg = Debug|Any CPU
		{0705DA80-3E87-4546-A47C-EFF480B046A4}.Debug|Any CPU.Build.0 = Debug|Any CPU
		{0705DA80-3E87-4546-A47C-EFF480B046A4}.Release|Any CPU.ActiveCfg = Release|Any CPU
		{0705DA80-3E87-4546-A47C-EFF480B046A4}.Release|Any CPU.Build.0 = Release|Any CPU
	EndGlobalSection
	GlobalSection(SolutionProperties) = preSolution
		HideSolutionNode = FALSE
	EndGlobalSection
	GlobalSection(ExtensibilityGlobals) = postSolution
		SolutionGuid = {C4FE92CF-E23D-41C5-8BC2-5FF9AA9BF8BC}
	EndGlobalSection
EndGlobal
